
Microsoft Visual Studio Solution File, Format Version 12.00
# Visual Studio Version 17
VisualStudioVersion = 17.11.35219.272
MinimumVisualStudioVersion = 10.0.40219.1
Project("{9A19103F-16F7-4668-BE54-9A1E7A4F7556}") = "TrainModule2_New", "TrainModule2_New\TrainModule2_New.csproj", "{AB2736A9-9B83-48F7-A7DC-BE13D0468C33}"
EndProject
Project("{FAE04EC0-301F-11D3-BF4B-00C04F79EFBC}") = "Data", "Data\Data.csproj", "{BCAD5E94-B2FB-4408-9E17-475DBC065809}"
EndProject
Global
	GlobalSection(SolutionConfigurationPlatforms) = preSolution
		Debug|Any CPU = Debug|Any CPU
		Release|Any CPU = Release|Any CPU
	EndGlobalSection
	GlobalSection(ProjectConfigurationPlatforms) = postSolution
		{AB2736A9-9B83-48F7-A7DC-BE13D0468C33}.Debug|Any CPU.ActiveCfg = Debug|Any CPU
		{AB2736A9-9B83-48F7-A7DC-BE13D0468C33}.Debug|Any CPU.Build.0 = Debug|Any CPU
		{AB2736A9-9B83-48F7-A7DC-BE13D0468C33}.Release|Any CPU.ActiveCfg = Release|Any CPU
		{AB2736A9-9B83-48F7-A7DC-BE13D0468C33}.Release|Any CPU.Build.0 = Release|Any CPU
		{BCAD5E94-B2FB-4408-9E17-475DBC065809}.Debug|Any CPU.ActiveCfg = Debug|Any CPU
		{BCAD5E94-B2FB-4408-9E17-475DBC065809}.Debug|Any CPU.Build.0 = Debug|Any CPU
		{BCAD5E94-B2FB-4408-9E17-475DBC065809}.Release|Any CPU.ActiveCfg = Release|Any CPU
		{BCAD5E94-B2FB-4408-9E17-475DBC065809}.Release|Any CPU.Build.0 = Release|Any CPU
	EndGlobalSection
	GlobalSection(SolutionProperties) = preSolution
		HideSolutionNode = FALSE
	EndGlobalSection
	GlobalSection(ExtensibilityGlobals) = postSolution
		SolutionGuid = {1488482C-F010-4ED1-9BE5-BA58DB530062}
	EndGlobalSection
EndGlobal
